
Microsoft Visual Studio Solution File, Format Version 12.00
# Visual Studio Version 17
VisualStudioVersion = 17.1.32228.430
MinimumVisualStudioVersion = 10.0.40219.1
Project("{FAE04EC0-301F-11D3-BF4B-00C04F79EFBC}") = "SalesWebMvc", "SalesWebMvc\SalesWebMvc.csproj", "{05606A78-284B-4C43-B514-7A4EC9331284}"
EndProject
Global
	GlobalSection(SolutionConfigurationPlatforms) = preSolution
		Debug|Any CPU = Debug|Any CPU
		Release|Any CPU = Release|Any CPU
	EndGlobalSection
	GlobalSection(ProjectConfigurationPlatforms) = postSolution
		{05606A78-284B-4C43-B514-7A4EC9331284}.Debug|Any CPU.ActiveCfg = Debug|Any CPU
		{05606A78-284B-4C43-B514-7A4EC9331284}.Debug|Any CPU.Build.0 = Debug|Any CPU
		{05606A78-284B-4C43-B514-7A4EC9331284}.Release|Any CPU.ActiveCfg = Release|Any CPU
		{05606A78-284B-4C43-B514-7A4EC9331284}.Release|Any CPU.Build.0 = Release|Any CPU
	EndGlobalSection
	GlobalSection(SolutionProperties) = preSolution
		HideSolutionNode = FALSE
	EndGlobalSection
	GlobalSection(ExtensibilityGlobals) = postSolution
		SolutionGuid = {F48A8966-1762-42F5-BBF2-B76B9F27640A}
	EndGlobalSection
EndGlobal
